
Microsoft Visual Studio Solution File, Format Version 12.00
# Visual Studio Version 17
VisualStudioVersion = 17.1.32328.378
MinimumVisualStudioVersion = 10.0.40219.1
Project("{9A19103F-16F7-4668-BE54-9A1E7A4F7556}") = "Cryville.Audio", "Cryville.Audio\Cryville.Audio.csproj", "{48B40913-AEDD-4493-94DD-1435ED5FECBA}"
EndProject
Project("{9A19103F-16F7-4668-BE54-9A1E7A4F7556}") = "Cryville.Audio.Test", "Cryville.Audio.Test\Cryville.Audio.Test.csproj", "{2E9B7AE9-D822-4B46-8046-469C87E545F6}"
EndProject
Project("{9A19103F-16F7-4668-BE54-9A1E7A4F7556}") = "Cryville.Audio.Test.Android", "Cryville.Audio.Test.Android\Cryville.Audio.Test.Android.csproj", "{C9203C6D-7AE6-40F8-9C32-A99C9E0D8E50}"
EndProject
Project("{9A19103F-16F7-4668-BE54-9A1E7A4F7556}") = "FFmpeg.AutoGen", "FFmpeg.AutoGen\FFmpeg.AutoGen.csproj", "{5D7ACD9A-CA0B-4B44-A1AB-C85659010931}"
EndProject
Project("{9A19103F-16F7-4668-BE54-9A1E7A4F7556}") = "Cryville.Audio.Wasapi", "Cryville.Audio.Wasapi\Cryville.Audio.Wasapi.csproj", "{1C6BB641-5FA5-4FD5-81E5-8300BEAD7631}"
EndProject
Project("{9A19103F-16F7-4668-BE54-9A1E7A4F7556}") = "Cryville.Audio.WaveformAudio", "Cryville.Audio.WaveformAudio\Cryville.Audio.WaveformAudio.csproj", "{CD725929-854B-472B-BF83-6BD2F67FA5E2}"
EndProject
Project("{9A19103F-16F7-4668-BE54-9A1E7A4F7556}") = "Cryville.Audio.OpenSLES", "Cryville.Audio.OpenSLES\Cryville.Audio.OpenSLES.csproj", "{59B41727-0B40-460F-A145-B7B92EA62A9D}"
EndProject
Project("{9A19103F-16F7-4668-BE54-9A1E7A4F7556}") = "Cryville.Audio.AAudio", "Cryville.Audio.AAudio\Cryville.Audio.AAudio.csproj", "{503656B1-3C6F-475F-9C10-C9DFC21ECFE5}"
EndProject
Project("{9A19103F-16F7-4668-BE54-9A1E7A4F7556}") = "Cryville.Audio.Source.Libav", "Cryville.Audio.Source.Libav\Cryville.Audio.Source.Libav.csproj", "{AE3D0DCC-57A6-4F7F-8FB0-BE0E604870FD}"
EndProject
Project("{FAE04EC0-301F-11D3-BF4B-00C04F79EFBC}") = "Cryville.Audio.Source.Resample", "Cryville.Audio.Source.Resample\Cryville.Audio.Source.Resample.csproj", "{8D56FD66-020C-468B-AB50-A254CB960F6B}"
EndProject
Global
	GlobalSection(SolutionConfigurationPlatforms) = preSolution
		Debug|Any CPU = Debug|Any CPU
		Release|Any CPU = Release|Any CPU
	EndGlobalSection
	GlobalSection(ProjectConfigurationPlatforms) = postSolution
		{48B40913-AEDD-4493-94DD-1435ED5FECBA}.Debug|Any CPU.ActiveCfg = Debug|Any CPU
		{48B40913-AEDD-4493-94DD-1435ED5FECBA}.Debug|Any CPU.Build.0 = Debug|Any CPU
		{48B40913-AEDD-4493-94DD-1435ED5FECBA}.Release|Any CPU.ActiveCfg = Release|Any CPU
		{48B40913-AEDD-4493-94DD-1435ED5FECBA}.Release|Any CPU.Build.0 = Release|Any CPU
		{2E9B7AE9-D822-4B46-8046-469C87E545F6}.Debug|Any CPU.ActiveCfg = Debug|Any CPU
		{2E9B7AE9-D822-4B46-8046-469C87E545F6}.Debug|Any CPU.Build.0 = Debug|Any CPU
		{2E9B7AE9-D822-4B46-8046-469C87E545F6}.Release|Any CPU.ActiveCfg = Release|Any CPU
		{2E9B7AE9-D822-4B46-8046-469C87E545F6}.Release|Any CPU.Build.0 = Release|Any CPU
		{C9203C6D-7AE6-40F8-9C32-A99C9E0D8E50}.Debug|Any CPU.ActiveCfg = Debug|Any CPU
		{C9203C6D-7AE6-40F8-9C32-A99C9E0D8E50}.Debug|Any CPU.Build.0 = Debug|Any CPU
		{C9203C6D-7AE6-40F8-9C32-A99C9E0D8E50}.Debug|Any CPU.Deploy.0 = Debug|Any CPU
		{C9203C6D-7AE6-40F8-9C32-A99C9E0D8E50}.Release|Any CPU.ActiveCfg = Release|Any CPU
		{C9203C6D-7AE6-40F8-9C32-A99C9E0D8E50}.Release|Any CPU.Build.0 = Release|Any CPU
		{C9203C6D-7AE6-40F8-9C32-A99C9E0D8E50}.Release|Any CPU.Deploy.0 = Release|Any CPU
		{5D7ACD9A-CA0B-4B44-A1AB-C85659010931}.Debug|Any CPU.ActiveCfg = Debug|Any CPU
		{5D7ACD9A-CA0B-4B44-A1AB-C85659010931}.Debug|Any CPU.Build.0 = Debug|Any CPU
		{5D7ACD9A-CA0B-4B44-A1AB-C85659010931}.Release|Any CPU.ActiveCfg = Release|Any CPU
		{5D7ACD9A-CA0B-4B44-A1AB-C85659010931}.Release|Any CPU.Build.0 = Release|Any CPU
		{1C6BB641-5FA5-4FD5-81E5-8300BEAD7631}.Debug|Any CPU.ActiveCfg = Debug|Any CPU
		{1C6BB641-5FA5-4FD5-81E5-8300BEAD7631}.Debug|Any CPU.Build.0 = Debug|Any CPU
		{1C6BB641-5FA5-4FD5-81E5-8300BEAD7631}.Release|Any CPU.ActiveCfg = Release|Any CPU
		{1C6BB641-5FA5-4FD5-81E5-8300BEAD7631}.Release|Any CPU.Build.0 = Release|Any CPU
		{CD725929-854B-472B-BF83-6BD2F67FA5E2}.Debug|Any CPU.ActiveCfg = Debug|Any CPU
		{CD725929-854B-472B-BF83-6BD2F67FA5E2}.Debug|Any CPU.Build.0 = Debug|Any CPU
		{CD725929-854B-472B-BF83-6BD2F67FA5E2}.Release|Any CPU.ActiveCfg = Release|Any CPU
		{CD725929-854B-472B-BF83-6BD2F67FA5E2}.Release|Any CPU.Build.0 = Release|Any CPU
		{59B41727-0B40-460F-A145-B7B92EA62A9D}.Debug|Any CPU.ActiveCfg = Debug|Any CPU
		{59B41727-0B40-460F-A145-B7B92EA62A9D}.Debug|Any CPU.Build.0 = Debug|Any CPU
		{59B41727-0B40-460F-A145-B7B92EA62A9D}.Release|Any CPU.ActiveCfg = Release|Any CPU
		{59B41727-0B40-460F-A145-B7B92EA62A9D}.Release|Any CPU.Build.0 = Release|Any CPU
		{503656B1-3C6F-475F-9C10-C9DFC21ECFE5}.Debug|Any CPU.ActiveCfg = Debug|Any CPU
		{503656B1-3C6F-475F-9C10-C9DFC21ECFE5}.Debug|Any CPU.Build.0 = Debug|Any CPU
		{503656B1-3C6F-475F-9C10-C9DFC21ECFE5}.Release|Any CPU.ActiveCfg = Release|Any CPU
		{503656B1-3C6F-475F-9C10-C9DFC21ECFE5}.Release|Any CPU.Build.0 = Release|Any CPU
		{AE3D0DCC-57A6-4F7F-8FB0-BE0E604870FD}.Debug|Any CPU.ActiveCfg = Debug|Any CPU
		{AE3D0DCC-57A6-4F7F-8FB0-BE0E604870FD}.Debug|Any CPU.Build.0 = Debug|Any CPU
		{AE3D0DCC-57A6-4F7F-8FB0-BE0E604870FD}.Release|Any CPU.ActiveCfg = Release|Any CPU
		{AE3D0DCC-57A6-4F7F-8FB0-BE0E604870FD}.Release|Any CPU.Build.0 = Release|Any CPU
		{8D56FD66-020C-468B-AB50-A254CB960F6B}.Debug|Any CPU.ActiveCfg = Debug|Any CPU
		{8D56FD66-020C-468B-AB50-A254CB960F6B}.Debug|Any CPU.Build.0 = Debug|Any CPU
		{8D56FD66-020C-468B-AB50-A254CB960F6B}.Release|Any CPU.ActiveCfg = Release|Any CPU
		{8D56FD66-020C-468B-AB50-A254CB960F6B}.Release|Any CPU.Build.0 = Release|Any CPU
	EndGlobalSection
	GlobalSection(SolutionProperties) = preSolution
		HideSolutionNode = FALSE
	EndGlobalSection
	GlobalSection(ExtensibilityGlobals) = postSolution
		SolutionGuid = {F61AA097-6561-4C2D-A95A-8BA065649EEE}
	EndGlobalSection
EndGlobal
